
Microsoft Visual Studio Solution File, Format Version 12.00
# Visual Studio Version 17
VisualStudioVersion = 17.14.36310.24 d17.14
MinimumVisualStudioVersion = 10.0.40219.1
Project("{FAE04EC0-301F-11D3-BF4B-00C04F79EFBC}") = "Recursion", "Recursion.csproj", "{B0389535-2CBF-4B5B-B86A-5FC8C7A92BF7}"
EndProject
Global
	GlobalSection(SolutionConfigurationPlatforms) = preSolution
		Debug|Any CPU = Debug|Any CPU
		Release|Any CPU = Release|Any CPU
	EndGlobalSection
	GlobalSection(ProjectConfigurationPlatforms) = postSolution
		{B0389535-2CBF-4B5B-B86A-5FC8C7A92BF7}.Debug|Any CPU.ActiveCfg = Debug|Any CPU
		{B0389535-2CBF-4B5B-B86A-5FC8C7A92BF7}.Debug|Any CPU.Build.0 = Debug|Any CPU
		{B0389535-2CBF-4B5B-B86A-5FC8C7A92BF7}.Release|Any CPU.ActiveCfg = Release|Any CPU
		{B0389535-2CBF-4B5B-B86A-5FC8C7A92BF7}.Release|Any CPU.Build.0 = Release|Any CPU
	EndGlobalSection
	GlobalSection(SolutionProperties) = preSolution
		HideSolutionNode = FALSE
	EndGlobalSection
	GlobalSection(ExtensibilityGlobals) = postSolution
		SolutionGuid = {0C0145B3-1CC4-4FCF-854C-A21A7A639BDA}
	EndGlobalSection
EndGlobal
